lockfileVersion: '6.0'

settings:
  autoInstallPeers: true
  excludeLinksFromLockfile: false

importers:

  .:
    dependencies:
      diff:
        specifier: ^8.0.2
        version: 8.0.2
    optionalDependencies:
      diff-effect-rust:
        specifier: workspace:*
        version: link:pkg
    devDependencies:
      '@rslib/core':
        specifier: ^0.10.6
        version: 0.10.6
      '@types/node':
        specifier: ^24.0.14
        version: 24.0.14
      tsx:
        specifier: ^4.20.3
        version: 4.20.3

  pkg: {}

packages:

  /@ast-grep/napi-darwin-arm64@0.37.0:
    resolution: {integrity: sha512-QAiIiaAbLvMEg/yBbyKn+p1gX2/FuaC0SMf7D7capm/oG4xGMzdeaQIcSosF4TCxxV+hIH4Bz9e4/u7w6Bnk3Q==}
    engines: {node: '>= 10'}
    cpu: [arm64]
    os: [darwin]
    requiresBuild: true
    dev: true
    optional: true

  /@ast-grep/napi-darwin-x64@0.37.0:
    resolution: {integrity: sha512-zvcvdgekd4ySV3zUbUp8HF5nk5zqwiMXTuVzTUdl/w08O7JjM6XPOIVT+d2o/MqwM9rsXdzdergY5oY2RdhSPA==}
    engines: {node: '>= 10'}
    cpu: [x64]
    os: [darwin]
    requiresBuild: true
    dev: true
    optional: true

  /@ast-grep/napi-linux-arm64-gnu@0.37.0:
    resolution: {integrity: sha512-L7Sj0lXy8X+BqSMgr1LB8cCoWk0rericdeu+dC8/c8zpsav5Oo2IQKY1PmiZ7H8IHoFBbURLf8iklY9wsD+cyA==}
    engines: {node: '>= 10'}
    cpu: [arm64]
    os: [linux]
    requiresBuild: true
    dev: true
    optional: true

  /@ast-grep/napi-linux-arm64-musl@0.37.0:
    resolution: {integrity: sha512-LF9sAvYy6es/OdyJDO3RwkX3I82Vkfsng1sqUBcoWC1jVb1wX5YVzHtpQox9JrEhGl+bNp7FYxB4Qba9OdA5GA==}
    engines: {node: '>= 10'}
    cpu: [arm64]
    os: [linux]
    requiresBuild: true
    dev: true
    optional: true

  /@ast-grep/napi-linux-x64-gnu@0.37.0:
    resolution: {integrity: sha512-TViz5/klqre6aSmJzswEIjApnGjJzstG/SE8VDWsrftMBMYt2PTu3MeluZVwzSqDao8doT/P+6U11dU05UOgxw==}
    engines: {node: '>= 10'}
    cpu: [x64]
    os: [linux]
    requiresBuild: true
    dev: true
    optional: true

  /@ast-grep/napi-linux-x64-musl@0.37.0:
    resolution: {integrity: sha512-/BcCH33S9E3ovOAEoxYngUNXgb+JLg991sdyiNP2bSoYd30a9RHrG7CYwW6fMgua3ijQ474eV6cq9yZO1bCpXg==}
    engines: {node: '>= 10'}
    cpu: [x64]
    os: [linux]
    requiresBuild: true
    dev: true
    optional: true

  /@ast-grep/napi-win32-arm64-msvc@0.37.0:
    resolution: {integrity: sha512-TjQA4cFoIEW2bgjLkaL9yqT4XWuuLa5MCNd0VCDhGRDMNQ9+rhwi9eLOWRaap3xzT7g+nlbcEHL3AkVCD2+b3A==}
    engines: {node: '>= 10'}
    cpu: [arm64]
    os: [win32]
    requiresBuild: true
    dev: true
    optional: true

  /@ast-grep/napi-win32-ia32-msvc@0.37.0:
    resolution: {integrity: sha512-uNmVka8fJCdYsyOlF9aZqQMLTatEYBynjChVTzUfFMDfmZ0bihs/YTqJVbkSm8TZM7CUX82apvn50z/dX5iWRA==}
    engines: {node: '>= 10'}
    cpu: [ia32]
    os: [win32]
    requiresBuild: true
    dev: true
    optional: true

  /@ast-grep/napi-win32-x64-msvc@0.37.0:
    resolution: {integrity: sha512-vCiFOT3hSCQuHHfZ933GAwnPzmL0G04JxQEsBRfqONywyT8bSdDc/ECpAfr3S9VcS4JZ9/F6tkePKW/Om2Dq2g==}
    engines: {node: '>= 10'}
    cpu: [x64]
    os: [win32]
    requiresBuild: true
    dev: true
    optional: true

  /@ast-grep/napi@0.37.0:
    resolution: {integrity: sha512-Hb4o6h1Pf6yRUAX07DR4JVY7dmQw+RVQMW5/m55GoiAT/VRoKCWBtIUPPOnqDVhbx1Cjfil9b6EDrgJsUAujEQ==}
    engines: {node: '>= 10'}
    optionalDependencies:
      '@ast-grep/napi-darwin-arm64': 0.37.0
      '@ast-grep/napi-darwin-x64': 0.37.0
      '@ast-grep/napi-linux-arm64-gnu': 0.37.0
      '@ast-grep/napi-linux-arm64-musl': 0.37.0
      '@ast-grep/napi-linux-x64-gnu': 0.37.0
      '@ast-grep/napi-linux-x64-musl': 0.37.0
      '@ast-grep/napi-win32-arm64-msvc': 0.37.0
      '@ast-grep/napi-win32-ia32-msvc': 0.37.0
      '@ast-grep/napi-win32-x64-msvc': 0.37.0
    dev: true

  /@emnapi/core@1.4.5:
    resolution: {integrity: sha512-XsLw1dEOpkSX/WucdqUhPWP7hDxSvZiY+fsUC14h+FtQ2Ifni4znbBt8punRX+Uj2JG/uDb8nEHVKvrVlvdZ5Q==}
    requiresBuild: true
    dependencies:
      '@emnapi/wasi-threads': 1.0.4
      tslib: 2.8.1
    dev: true
    optional: true

  /@emnapi/runtime@1.4.5:
    resolution: {integrity: sha512-++LApOtY0pEEz1zrd9vy1/zXVaVJJ/EbAF3u0fXIzPJEDtnITsBGbbK0EkM72amhl/R5b+5xx0Y/QhcVOpuulg==}
    requiresBuild: true
    dependencies:
      tslib: 2.8.1
    dev: true
    optional: true

  /@emnapi/wasi-threads@1.0.4:
    resolution: {integrity: sha512-PJR+bOmMOPH8AtcTGAyYNiuJ3/Fcoj2XN/gBEWzDIKh254XO+mM9XoXHk5GNEhodxeMznbg7BlRojVbKN+gC6g==}
    requiresBuild: true
    dependencies:
      tslib: 2.8.1
    dev: true
    optional: true

  /@esbuild/aix-ppc64@0.25.6:
    resolution: {integrity: sha512-ShbM/3XxwuxjFiuVBHA+d3j5dyac0aEVVq1oluIDf71hUw0aRF59dV/efUsIwFnR6m8JNM2FjZOzmaZ8yG61kw==}
    engines: {node: '>=18'}
    cpu: [ppc64]
    os: [aix]
    requiresBuild: true
    dev: true
    optional: true

  /@esbuild/android-arm64@0.25.6:
    resolution: {integrity: sha512-hd5zdUarsK6strW+3Wxi5qWws+rJhCCbMiC9QZyzoxfk5uHRIE8T287giQxzVpEvCwuJ9Qjg6bEjcRJcgfLqoA==}
    engines: {node: '>=18'}
    cpu: [arm64]
    os: [android]
    requiresBuild: true
    dev: true
    optional: true

  /@esbuild/android-arm@0.25.6:
    resolution: {integrity: sha512-S8ToEOVfg++AU/bHwdksHNnyLyVM+eMVAOf6yRKFitnwnbwwPNqKr3srzFRe7nzV69RQKb5DgchIX5pt3L53xg==}
    engines: {node: '>=18'}
    cpu: [arm]
    os: [android]
    requiresBuild: true
    dev: true
    optional: true

  /@esbuild/android-x64@0.25.6:
    resolution: {integrity: sha512-0Z7KpHSr3VBIO9A/1wcT3NTy7EB4oNC4upJ5ye3R7taCc2GUdeynSLArnon5G8scPwaU866d3H4BCrE5xLW25A==}
    engines: {node: '>=18'}
    cpu: [x64]
    os: [android]
    requiresBuild: true
    dev: true
    optional: true

  /@esbuild/darwin-arm64@0.25.6:
    resolution: {integrity: sha512-FFCssz3XBavjxcFxKsGy2DYK5VSvJqa6y5HXljKzhRZ87LvEi13brPrf/wdyl/BbpbMKJNOr1Sd0jtW4Ge1pAA==}
    engines: {node: '>=18'}
    cpu: [arm64]
    os: [darwin]
    requiresBuild: true
    dev: true
    optional: true

  /@esbuild/darwin-x64@0.25.6:
    resolution: {integrity: sha512-GfXs5kry/TkGM2vKqK2oyiLFygJRqKVhawu3+DOCk7OxLy/6jYkWXhlHwOoTb0WqGnWGAS7sooxbZowy+pK9Yg==}
    engines: {node: '>=18'}
    cpu: [x64]
    os: [darwin]
    requiresBuild: true
    dev: true
    optional: true

  /@esbuild/freebsd-arm64@0.25.6:
    resolution: {integrity: sha512-aoLF2c3OvDn2XDTRvn8hN6DRzVVpDlj2B/F66clWd/FHLiHaG3aVZjxQX2DYphA5y/evbdGvC6Us13tvyt4pWg==}
    engines: {node: '>=18'}
    cpu: [arm64]
    os: [freebsd]
    requiresBuild: true
    dev: true
    optional: true

  /@esbuild/freebsd-x64@0.25.6:
    resolution: {integrity: sha512-2SkqTjTSo2dYi/jzFbU9Plt1vk0+nNg8YC8rOXXea+iA3hfNJWebKYPs3xnOUf9+ZWhKAaxnQNUf2X9LOpeiMQ==}
    engines: {node: '>=18'}
    cpu: [x64]
    os: [freebsd]
    requiresBuild: true
    dev: true
    optional: true

  /@esbuild/linux-arm64@0.25.6:
    resolution: {integrity: sha512-b967hU0gqKd9Drsh/UuAm21Khpoh6mPBSgz8mKRq4P5mVK8bpA+hQzmm/ZwGVULSNBzKdZPQBRT3+WuVavcWsQ==}
    engines: {node: '>=18'}
    cpu: [arm64]
    os: [linux]
    requiresBuild: true
    dev: true
    optional: true

  /@esbuild/linux-arm@0.25.6:
    resolution: {integrity: sha512-SZHQlzvqv4Du5PrKE2faN0qlbsaW/3QQfUUc6yO2EjFcA83xnwm91UbEEVx4ApZ9Z5oG8Bxz4qPE+HFwtVcfyw==}
    engines: {node: '>=18'}
    cpu: [arm]
    os: [linux]
    requiresBuild: true
    dev: true
    optional: true

  /@esbuild/linux-ia32@0.25.6:
    resolution: {integrity: sha512-aHWdQ2AAltRkLPOsKdi3xv0mZ8fUGPdlKEjIEhxCPm5yKEThcUjHpWB1idN74lfXGnZ5SULQSgtr5Qos5B0bPw==}
    engines: {node: '>=18'}
    cpu: [ia32]
    os: [linux]
    requiresBuild: true
    dev: true
    optional: true

  /@esbuild/linux-loong64@0.25.6:
    resolution: {integrity: sha512-VgKCsHdXRSQ7E1+QXGdRPlQ/e08bN6WMQb27/TMfV+vPjjTImuT9PmLXupRlC90S1JeNNW5lzkAEO/McKeJ2yg==}
    engines: {node: '>=18'}
    cpu: [loong64]
    os: [linux]
    requiresBuild: true
    dev: true
    optional: true

  /@esbuild/linux-mips64el@0.25.6:
    resolution: {integrity: sha512-WViNlpivRKT9/py3kCmkHnn44GkGXVdXfdc4drNmRl15zVQ2+D2uFwdlGh6IuK5AAnGTo2qPB1Djppj+t78rzw==}
    engines: {node: '>=18'}
    cpu: [mips64el]
    os: [linux]
    requiresBuild: true
    dev: true
    optional: true

  /@esbuild/linux-ppc64@0.25.6:
    resolution: {integrity: sha512-wyYKZ9NTdmAMb5730I38lBqVu6cKl4ZfYXIs31Baf8aoOtB4xSGi3THmDYt4BTFHk7/EcVixkOV2uZfwU3Q2Jw==}
    engines: {node: '>=18'}
    cpu: [ppc64]
    os: [linux]
    requiresBuild: true
    dev: true
    optional: true

  /@esbuild/linux-riscv64@0.25.6:
    resolution: {integrity: sha512-KZh7bAGGcrinEj4qzilJ4hqTY3Dg2U82c8bv+e1xqNqZCrCyc+TL9AUEn5WGKDzm3CfC5RODE/qc96OcbIe33w==}
    engines: {node: '>=18'}
    cpu: [riscv64]
    os: [linux]
    requiresBuild: true
    dev: true
    optional: true

  /@esbuild/linux-s390x@0.25.6:
    resolution: {integrity: sha512-9N1LsTwAuE9oj6lHMyyAM+ucxGiVnEqUdp4v7IaMmrwb06ZTEVCIs3oPPplVsnjPfyjmxwHxHMF8b6vzUVAUGw==}
    engines: {node: '>=18'}
    cpu: [s390x]
    os: [linux]
    requiresBuild: true
    dev: true
    optional: true

  /@esbuild/linux-x64@0.25.6:
    resolution: {integrity: sha512-A6bJB41b4lKFWRKNrWoP2LHsjVzNiaurf7wyj/XtFNTsnPuxwEBWHLty+ZE0dWBKuSK1fvKgrKaNjBS7qbFKig==}
    engines: {node: '>=18'}
    cpu: [x64]
    os: [linux]
    requiresBuild: true
    dev: true
    optional: true

  /@esbuild/netbsd-arm64@0.25.6:
    resolution: {integrity: sha512-IjA+DcwoVpjEvyxZddDqBY+uJ2Snc6duLpjmkXm/v4xuS3H+3FkLZlDm9ZsAbF9rsfP3zeA0/ArNDORZgrxR/Q==}
    engines: {node: '>=18'}
    cpu: [arm64]
    os: [netbsd]
    requiresBuild: true
    dev: true
    optional: true

  /@esbuild/netbsd-x64@0.25.6:
    resolution: {integrity: sha512-dUXuZr5WenIDlMHdMkvDc1FAu4xdWixTCRgP7RQLBOkkGgwuuzaGSYcOpW4jFxzpzL1ejb8yF620UxAqnBrR9g==}
    engines: {node: '>=18'}
    cpu: [x64]
    os: [netbsd]
    requiresBuild: true
    dev: true
    optional: true

  /@esbuild/openbsd-arm64@0.25.6:
    resolution: {integrity: sha512-l8ZCvXP0tbTJ3iaqdNf3pjaOSd5ex/e6/omLIQCVBLmHTlfXW3zAxQ4fnDmPLOB1x9xrcSi/xtCWFwCZRIaEwg==}
    engines: {node: '>=18'}
    cpu: [arm64]
    os: [openbsd]
    requiresBuild: true
    dev: true
    optional: true

  /@esbuild/openbsd-x64@0.25.6:
    resolution: {integrity: sha512-hKrmDa0aOFOr71KQ/19JC7az1P0GWtCN1t2ahYAf4O007DHZt/dW8ym5+CUdJhQ/qkZmI1HAF8KkJbEFtCL7gw==}
    engines: {node: '>=18'}
    cpu: [x64]
    os: [openbsd]
    requiresBuild: true
    dev: true
    optional: true

  /@esbuild/openharmony-arm64@0.25.6:
    resolution: {integrity: sha512-+SqBcAWoB1fYKmpWoQP4pGtx+pUUC//RNYhFdbcSA16617cchuryuhOCRpPsjCblKukAckWsV+aQ3UKT/RMPcA==}
    engines: {node: '>=18'}
    cpu: [arm64]
    os: [openharmony]
    requiresBuild: true
    dev: true
    optional: true

  /@esbuild/sunos-x64@0.25.6:
    resolution: {integrity: sha512-dyCGxv1/Br7MiSC42qinGL8KkG4kX0pEsdb0+TKhmJZgCUDBGmyo1/ArCjNGiOLiIAgdbWgmWgib4HoCi5t7kA==}
    engines: {node: '>=18'}
    cpu: [x64]
    os: [sunos]
    requiresBuild: true
    dev: true
    optional: true

  /@esbuild/win32-arm64@0.25.6:
    resolution: {integrity: sha512-42QOgcZeZOvXfsCBJF5Afw73t4veOId//XD3i+/9gSkhSV6Gk3VPlWncctI+JcOyERv85FUo7RxuxGy+z8A43Q==}
    engines: {node: '>=18'}
    cpu: [arm64]
    os: [win32]
    requiresBuild: true
    dev: true
    optional: true

  /@esbuild/win32-ia32@0.25.6:
    resolution: {integrity: sha512-4AWhgXmDuYN7rJI6ORB+uU9DHLq/erBbuMoAuB4VWJTu5KtCgcKYPynF0YI1VkBNuEfjNlLrFr9KZPJzrtLkrQ==}
    engines: {node: '>=18'}
    cpu: [ia32]
    os: [win32]
    requiresBuild: true
    dev: true
    optional: true

  /@esbuild/win32-x64@0.25.6:
    resolution: {integrity: sha512-NgJPHHbEpLQgDH2MjQu90pzW/5vvXIZ7KOnPyNBm92A6WgZ/7b6fJyUBjoumLqeOQQGqY2QjQxRo97ah4Sj0cA==}
    engines: {node: '>=18'}
    cpu: [x64]
    os: [win32]
    requiresBuild: true
    dev: true
    optional: true

  /@jridgewell/sourcemap-codec@1.5.4:
    resolution: {integrity: sha512-VT2+G1VQs/9oz078bLrYbecdZKs912zQlkelYpuf+SXF+QvZDYJlbx/LSx+meSAwdDFnF8FVXW92AVjjkVmgFw==}
    dev: true

  /@module-federation/error-codes@0.16.0:
    resolution: {integrity: sha512-TfmA45b8vvISniGudMg8jjIy1q3tLPon0QN/JdFp5f8AJ8/peICN5b+dkEQnWsAVg2fEusYhk9dO7z3nUeJM8A==}
    dev: true

  /@module-federation/runtime-core@0.16.0:
    resolution: {integrity: sha512-5SECQowG4hlUVBRk/y6bnYLfxbsl5NcMmqn043WPe7NDOhGQWbTuYibJ3Bk+ZBv5U4uYLEmXipBGDc1FKsHklQ==}
    dependencies:
      '@module-federation/error-codes': 0.16.0
      '@module-federation/sdk': 0.16.0
    dev: true

  /@module-federation/runtime-tools@0.16.0:
    resolution: {integrity: sha512-OzmXNluXBQ2E6znzX4m9CJt1MFHVGmbN8c8MSKcYIDcLzLSKBQAiaz9ZUMhkyWx2YrPgD134glyPEqJrc+fY8A==}
    dependencies:
      '@module-federation/runtime': 0.16.0
      '@module-federation/webpack-bundler-runtime': 0.16.0
    dev: true

  /@module-federation/runtime@0.16.0:
    resolution: {integrity: sha512-6o84WI8Qhc9O3HwPLx89kTvOSkyUOHQr73R/zr0I04sYhlMJgw5xTwXeGE7bQAmNgbJclzW9Kh7JTP7+3o3CHg==}
    dependencies:
      '@module-federation/error-codes': 0.16.0
      '@module-federation/runtime-core': 0.16.0
      '@module-federation/sdk': 0.16.0
    dev: true

  /@module-federation/sdk@0.16.0:
    resolution: {integrity: sha512-UXJW1WWuDoDmScX0tpISjl4xIRPzAiN62vg9etuBdAEUM+ja9rz/zwNZaByiUPFS2aqlj2RHenCRvIapE8mYEg==}
    dev: true

  /@module-federation/webpack-bundler-runtime@0.16.0:
    resolution: {integrity: sha512-yqIDQTelJZP0Rxml0OXv4Er8Kbdxy7NFh6PCzPwDFWI1SkiokJ3uXQJBvtlxZ3lOnCDYOzdHstqa8sJG4JP02Q==}
    dependencies:
      '@module-federation/runtime': 0.16.0
      '@module-federation/sdk': 0.16.0
    dev: true

  /@napi-rs/wasm-runtime@0.2.12:
    resolution: {integrity: sha512-ZVWUcfwY4E/yPitQJl481FjFo3K22D6qF0DuFH6Y/nbnE11GY5uguDxZMGXPQ8WQ0128MXQD7TnfHyK4oWoIJQ==}
    requiresBuild: true
    dependencies:
      '@emnapi/core': 1.4.5
      '@emnapi/runtime': 1.4.5
      '@tybys/wasm-util': 0.10.0
    dev: true
    optional: true

  /@rsbuild/core@1.4.7:
    resolution: {integrity: sha512-mYvMYlCKUQAfz7x7GJnD6lBsVBfUSEAfrZLxkDQ0F3w7If9cQpHWLWZWdRmcFFy3Pzns1Edxn0st1nAmcFhRJQ==}
    engines: {node: '>=16.10.0'}
    hasBin: true
    dependencies:
      '@rspack/core': 1.4.8(@swc/helpers@0.5.17)
      '@rspack/lite-tapable': 1.0.1
      '@swc/helpers': 0.5.17
      core-js: 3.44.0
      jiti: 2.4.2
    dev: true

  /@rslib/core@0.10.6:
    resolution: {integrity: sha512-7OLdmmQbY116gNAAsY9baCid9REr+z11qfAzwVVFw+Q8avCE6YqpcBLfrBXlfmpBikfshDmHH8EpRrQwz8gZJQ==}
    engines: {node: '>=16.7.0'}
    hasBin: true
    peerDependencies:
      '@microsoft/api-extractor': ^7
      typescript: ^5
    peerDependenciesMeta:
      '@microsoft/api-extractor':
        optional: true
      typescript:
        optional: true
    dependencies:
      '@rsbuild/core': 1.4.7
      rsbuild-plugin-dts: 0.10.6(@rsbuild/core@1.4.7)
      tinyglobby: 0.2.14
    dev: true

  /@rspack/binding-darwin-arm64@1.4.8:
    resolution: {integrity: sha512-PQRNjC3Fc0avpx8Gk+sT5P+HAXxTSzmBA8lU7QLlmbW5GGXO2taVhNstbZ4oxyIX5uDVZpQ2yQ2E0zXirK6/UQ==}
    cpu: [arm64]
    os: [darwin]
    requiresBuild: true
    dev: true
    optional: true

  /@rspack/binding-darwin-x64@1.4.8:
    resolution: {integrity: sha512-ZnPZbo1dhhbfevxSS99y8w02xuEbxyiV1HaUie/S8jzy9DPmk+4Br+DddufnibPNU85e3BZKjp+HDFMYkdn6cg==}
    cpu: [x64]
    os: [darwin]
    requiresBuild: true
    dev: true
    optional: true

  /@rspack/binding-linux-arm64-gnu@1.4.8:
    resolution: {integrity: sha512-mJK9diM4Gd8RIGO90AZnl27WwUuAOoRplPQv9G+Vxu2baCt1xE1ccf8PntIJ70/rMgsUdnmkR5qQBaGxhAMJvA==}
    cpu: [arm64]
    os: [linux]
    requiresBuild: true
    dev: true
    optional: true

  /@rspack/binding-linux-arm64-musl@1.4.8:
    resolution: {integrity: sha512-+n9QxeDDZKwVB4D6cwpNRJzsCeuwNqd/fwwbMQVTctJ+GhIHlUPsE8y5tXN7euU7kDci81wMBBFlt6LtXNcssA==}
    cpu: [arm64]
    os: [linux]
    requiresBuild: true
    dev: true
    optional: true

  /@rspack/binding-linux-x64-gnu@1.4.8:
    resolution: {integrity: sha512-rEypDlbIfv9B/DcZ2vYVWs56wo5VWE5oj/TvM9JT+xuqwvVWsN/A2TPMiU6QBgOKGXat3EM/MEgx8NhNZUpkXg==}
    cpu: [x64]
    os: [linux]
    requiresBuild: true
    dev: true
    optional: true

  /@rspack/binding-linux-x64-musl@1.4.8:
    resolution: {integrity: sha512-o9OsvJ7olH0JPU9exyIaYTNQ+aaR5CNAiinkxr+LkV2i3DMIi/+pDVveDiodYjVhzZjWfsP/z8QPO4c6Z06bEw==}
    cpu: [x64]
    os: [linux]
    requiresBuild: true
    dev: true
    optional: true

  /@rspack/binding-wasm32-wasi@1.4.8:
    resolution: {integrity: sha512-hF5gqT0aQ66VUclM2A9MSB6zVdEJqzp++TAXaShBK/eVBI0R4vWrMfJ2TOdzEsSbg4gXgeG4swURpHva3PKbcA==}
    cpu: [wasm32]
    requiresBuild: true
    dependencies:
      '@napi-rs/wasm-runtime': 0.2.12
    dev: true
    optional: true

  /@rspack/binding-win32-arm64-msvc@1.4.8:
    resolution: {integrity: sha512-umD0XzesJq4nnStv9/2/VOmzNUWHfLMIjeHmiHYHpc7iVC0SkXgIdc6Ac7c+g2q7/V3/MFxL66Y60oy7lQE3fg==}
    cpu: [arm64]
    os: [win32]
    requiresBuild: true
    dev: true
    optional: true

  /@rspack/binding-win32-ia32-msvc@1.4.8:
    resolution: {integrity: sha512-Uu+F/sxz7GgIMbuCCZVOD1HPjoHQdyrFHi/TE2EmuZzs9Ji9a9mtNJNrKc8+h9YFpaLeade7cbMDjRu4MHxiVA==}
    cpu: [ia32]
    os: [win32]
    requiresBuild: true
    dev: true
    optional: true

  /@rspack/binding-win32-x64-msvc@1.4.8:
    resolution: {integrity: sha512-BVkOfJDZnexHNpGgc/sWENyGrsle1jUQTeUEdSyNYsu4Elsgk/T9gnGK8xyLRd2c6k20M5FN38t0TumCp4DscQ==}
    cpu: [x64]
    os: [win32]
    requiresBuild: true
    dev: true
    optional: true

  /@rspack/binding@1.4.8:
    resolution: {integrity: sha512-VKE+2InUdudBUOn3xMZfK9a6KlOwmSifA0Nupjsh7N9/brcBfJtJGSDCnfrIKCq54FF+QAUCgcNAS0DB4/tZmw==}
    optionalDependencies:
      '@rspack/binding-darwin-arm64': 1.4.8
      '@rspack/binding-darwin-x64': 1.4.8
      '@rspack/binding-linux-arm64-gnu': 1.4.8
      '@rspack/binding-linux-arm64-musl': 1.4.8
      '@rspack/binding-linux-x64-gnu': 1.4.8
      '@rspack/binding-linux-x64-musl': 1.4.8
      '@rspack/binding-wasm32-wasi': 1.4.8
      '@rspack/binding-win32-arm64-msvc': 1.4.8
      '@rspack/binding-win32-ia32-msvc': 1.4.8
      '@rspack/binding-win32-x64-msvc': 1.4.8
    dev: true

  /@rspack/core@1.4.8(@swc/helpers@0.5.17):
    resolution: {integrity: sha512-ARHuZ+gx3P//RIUKSjk/riQUn/D5tCwCWbfgeM5pk/Ti2JsgVnqiP9Sksge8JovVPf7b6Zgw73Cq5FpX4aOXeQ==}
    engines: {node: '>=16.0.0'}
    peerDependencies:
      '@swc/helpers': '>=0.5.1'
    peerDependenciesMeta:
      '@swc/helpers':
        optional: true
    dependencies:
      '@module-federation/runtime-tools': 0.16.0
      '@rspack/binding': 1.4.8
      '@rspack/lite-tapable': 1.0.1
      '@swc/helpers': 0.5.17
    dev: true

  /@rspack/lite-tapable@1.0.1:
    resolution: {integrity: sha512-VynGOEsVw2s8TAlLf/uESfrgfrq2+rcXB1muPJYBWbsm1Oa6r5qVQhjA5ggM6z/coYPrsVMgovl3Ff7Q7OCp1w==}
    engines: {node: '>=16.0.0'}
    dev: true

  /@swc/helpers@0.5.17:
    resolution: {integrity: sha512-5IKx/Y13RsYd+sauPb2x+U/xZikHjolzfuDgTAl/Tdf3Q8rslRvC19NKDLgAJQ6wsqADk10ntlv08nPFw/gO/A==}
    dependencies:
      tslib: 2.8.1
    dev: true

  /@tybys/wasm-util@0.10.0:
    resolution: {integrity: sha512-VyyPYFlOMNylG45GoAe0xDoLwWuowvf92F9kySqzYh8vmYm7D2u4iUJKa1tOUpS70Ku13ASrOkS4ScXFsTaCNQ==}
    requiresBuild: true
    dependencies:
      tslib: 2.8.1
    dev: true
    optional: true

  /@types/node@24.0.14:
    resolution: {integrity: sha512-4zXMWD91vBLGRtHK3YbIoFMia+1nqEz72coM42C5ETjnNCa/heoj7NT1G67iAfOqMmcfhuCZ4uNpyz8EjlAejw==}
    dependencies:
      undici-types: 7.8.0
    dev: true

  /core-js@3.44.0:
    resolution: {integrity: sha512-aFCtd4l6GvAXwVEh3XbbVqJGHDJt0OZRa+5ePGx3LLwi12WfexqQxcsohb2wgsa/92xtl19Hd66G/L+TaAxDMw==}
    requiresBuild: true
    dev: true

  /diff@8.0.2:
    resolution: {integrity: sha512-sSuxWU5j5SR9QQji/o2qMvqRNYRDOcBTgsJ/DeCf4iSN4gW+gNMXM7wFIP+fdXZxoNiAnHUTGjCr+TSWXdRDKg==}
    engines: {node: '>=0.3.1'}
    dev: false

  /esbuild@0.25.6:
    resolution: {integrity: sha512-GVuzuUwtdsghE3ocJ9Bs8PNoF13HNQ5TXbEi2AhvVb8xU1Iwt9Fos9FEamfoee+u/TOsn7GUWc04lz46n2bbTg==}
    engines: {node: '>=18'}
    hasBin: true
    requiresBuild: true
    optionalDependencies:
      '@esbuild/aix-ppc64': 0.25.6
      '@esbuild/android-arm': 0.25.6
      '@esbuild/android-arm64': 0.25.6
      '@esbuild/android-x64': 0.25.6
      '@esbuild/darwin-arm64': 0.25.6
      '@esbuild/darwin-x64': 0.25.6
      '@esbuild/freebsd-arm64': 0.25.6
      '@esbuild/freebsd-x64': 0.25.6
      '@esbuild/linux-arm': 0.25.6
      '@esbuild/linux-arm64': 0.25.6
      '@esbuild/linux-ia32': 0.25.6
      '@esbuild/linux-loong64': 0.25.6
      '@esbuild/linux-mips64el': 0.25.6
      '@esbuild/linux-ppc64': 0.25.6
      '@esbuild/linux-riscv64': 0.25.6
      '@esbuild/linux-s390x': 0.25.6
      '@esbuild/linux-x64': 0.25.6
      '@esbuild/netbsd-arm64': 0.25.6
      '@esbuild/netbsd-x64': 0.25.6
      '@esbuild/openbsd-arm64': 0.25.6
      '@esbuild/openbsd-x64': 0.25.6
      '@esbuild/openharmony-arm64': 0.25.6
      '@esbuild/sunos-x64': 0.25.6
      '@esbuild/win32-arm64': 0.25.6
      '@esbuild/win32-ia32': 0.25.6
      '@esbuild/win32-x64': 0.25.6
    dev: true

  /fdir@6.4.6(picomatch@4.0.3):
    resolution: {integrity: sha512-hiFoqpyZcfNm1yc4u8oWCf9A2c4D3QjCrks3zmoVKVxpQRzmPNar1hUJcBG2RQHvEVGDN+Jm81ZheVLAQMK6+w==}
    peerDependencies:
      picomatch: ^3 || ^4
    peerDependenciesMeta:
      picomatch:
        optional: true
    dependencies:
      picomatch: 4.0.3
    dev: true

  /fsevents@2.3.3:
    resolution: {integrity: sha512-5xoDfX+fL7faATnagmWPpbFtwh/R77WmMMqqHGS65C3vvB0YHrgF+B1YmZ3441tMj5n63k0212XNoJwzlhffQw==}
    engines: {node: ^8.16.0 || ^10.6.0 || >=11.0.0}
    os: [darwin]
    requiresBuild: true
    dev: true
    optional: true

  /get-tsconfig@4.10.1:
    resolution: {integrity: sha512-auHyJ4AgMz7vgS8Hp3N6HXSmlMdUyhSUrfBF16w153rxtLIEOE+HGqaBppczZvnHLqQJfiHotCYpNhl0lUROFQ==}
    dependencies:
      resolve-pkg-maps: 1.0.0
    dev: true

  /jiti@2.4.2:
    resolution: {integrity: sha512-rg9zJN+G4n2nfJl5MW3BMygZX56zKPNVEYYqq7adpmMh4Jn2QNEwhvQlFy6jPVdcod7txZtKHWnyZiA3a0zP7A==}
    hasBin: true
    dev: true

  /json5@2.2.3:
    resolution: {integrity: sha512-XmOWe7eyHYH14cLdVPoyg+GOH3rYX++KpzrylJwSW98t3Nk+U8XOl8FWKOgwtzdb8lXGf6zYwDUzeHMWfxasyg==}
    engines: {node: '>=6'}
    hasBin: true
    dev: true

  /magic-string@0.30.17:
    resolution: {integrity: sha512-sNPKHvyjVf7gyjwS4xGTaW/mCnF8wnjtifKBEhxfZ7E/S8tQ0rssrwGNn6q8JH/ohItJfSQp9mBtQYuTlH5QnA==}
    dependencies:
      '@jridgewell/sourcemap-codec': 1.5.4
    dev: true

  /minimist@1.2.8:
    resolution: {integrity: sha512-2yyAR8qBkN3YuheJanUpWC5U3bb5osDywNB8RzDVlDwDHbocAJveqqj1u8+SVD7jkWT4yvsHCpWqqWqAxb0zCA==}
    dev: true

  /picocolors@1.1.1:
    resolution: {integrity: sha512-xceH2snhtb5M9liqDsmEw56le376mTZkEX/jEb/RxNFyegNul7eNslCXP9FDj/Lcu0X8KEyMceP2ntpaHrDEVA==}
    dev: true

  /picomatch@4.0.3:
    resolution: {integrity: sha512-5gTmgEY/sqK6gFXLIsQNH19lWb4ebPDLA4SdLP7dsWkIXHWlG66oPuVvXSGFPppYZz8ZDZq0dYYrbHfBCVUb1Q==}
    engines: {node: '>=12'}
    dev: true

  /resolve-pkg-maps@1.0.0:
    resolution: {integrity: sha512-seS2Tj26TBVOC2NIc2rOe2y2ZO7efxITtLZcGSOnHHNOQ7CkiUBfw0Iw2ck6xkIhPwLhKNLS8BO+hEpngQlqzw==}
    dev: true

  /rsbuild-plugin-dts@0.10.6(@rsbuild/core@1.4.7):
    resolution: {integrity: sha512-rVP82fFMDHW0GirhYx+w2bER1HhkOKJ8e/bAAF2OkMUP2k2fviMpl/gsnbO8KI9vcSqsQE2QXHkj781m6W84Ow==}
    engines: {node: '>=16.7.0'}
    peerDependencies:
      '@microsoft/api-extractor': ^7
      '@rsbuild/core': 1.x
      typescript: ^5
    peerDependenciesMeta:
      '@microsoft/api-extractor':
        optional: true
      typescript:
        optional: true
    dependencies:
      '@ast-grep/napi': 0.37.0
      '@rsbuild/core': 1.4.7
      magic-string: 0.30.17
      picocolors: 1.1.1
      tinyglobby: 0.2.14
      tsconfig-paths: 4.2.0
    dev: true

  /strip-bom@3.0.0:
    resolution: {integrity: sha512-vavAMRXOgBVNF6nyEEmL3DBK19iRpDcoIwW+swQ+CbGiu7lju6t+JklA1MHweoWtadgt4ISVUsXLyDq34ddcwA==}
    engines: {node: '>=4'}
    dev: true

  /tinyglobby@0.2.14:
    resolution: {integrity: sha512-tX5e7OM1HnYr2+a2C/4V0htOcSQcoSTH9KgJnVvNm5zm/cyEWKJ7j7YutsH9CxMdtOkkLFy2AHrMci9IM8IPZQ==}
    engines: {node: '>=12.0.0'}
    dependencies:
      fdir: 6.4.6(picomatch@4.0.3)
      picomatch: 4.0.3
    dev: true

  /tsconfig-paths@4.2.0:
    resolution: {integrity: sha512-NoZ4roiN7LnbKn9QqE1amc9DJfzvZXxF4xDavcOWt1BPkdx+m+0gJuPM+S0vCe7zTJMYUP0R8pO2XMr+Y8oLIg==}
    engines: {node: '>=6'}
    dependencies:
      json5: 2.2.3
      minimist: 1.2.8
      strip-bom: 3.0.0
    dev: true

  /tslib@2.8.1:
    resolution: {integrity: sha512-oJFu94HQb+KVduSUQL7wnpmqnfmLsOA/nAh6b6EH0wCEoK0/mPeXU6c3wKDV83MkOuHPRHtSXKKU99IBazS/2w==}
    dev: true

  /tsx@4.20.3:
    resolution: {integrity: sha512-qjbnuR9Tr+FJOMBqJCW5ehvIo/buZq7vH7qD7JziU98h6l3qGy0a/yPFjwO+y0/T7GFpNgNAvEcPPVfyT8rrPQ==}
    engines: {node: '>=18.0.0'}
    hasBin: true
    dependencies:
      esbuild: 0.25.6
      get-tsconfig: 4.10.1
    optionalDependencies:
      fsevents: 2.3.3
    dev: true

  /undici-types@7.8.0:
    resolution: {integrity: sha512-9UJ2xGDvQ43tYyVMpuHlsgApydB8ZKfVYTsLDhXkFL/6gfkp+U8xTGdh8pMJv1SpZna0zxG1DwsKZsreLbXBxw==}
    dev: true
